
Microsoft Visual Studio Solution File, Format Version 12.00
# Visual Studio Version 17
VisualStudioVersion = 17.11.34929.205
MinimumVisualStudioVersion = 10.0.40219.1
Project("{9A19103F-16F7-4668-BE54-9A1E7A4F7556}") = "Fast.Functions", "Fact.Functions\Fast.Functions.csproj", "{0BCD4FAE-A26C-456D-B39D-13E781BE232A}"
EndProject
Project("{9A19103F-16F7-4668-BE54-9A1E7A4F7556}") = "Fact.Services", "Fact.Services\Fact.Services.csproj", "{FDDFA309-76DE-43A0-AD4B-2A25CFAF6B4B}"
EndProject
Project("{9A19103F-16F7-4668-BE54-9A1E7A4F7556}") = "Quote.Services", "Quote.Services\Quote.Services.csproj", "{0700E868-89B5-4315-B5E1-1329C87E4907}"
EndProject
Project("{9A19103F-16F7-4668-BE54-9A1E7A4F7556}") = "Quote.Functions", "Quote.Functions\Quote.Functions.csproj", "{31CE730E-1EB2-47C5-905D-1885027860A3}"
EndProject
Project("{00D1A9C2-B5F0-4AF3-8072-F6C62B433612}") = "RandomContent.SqlDatbase", "RandomContent.SqlDatbase\RandomContent.SqlDatbase.sqlproj", "{AFF7EEBC-B1AC-4E0D-982B-9353CB392AA9}"
EndProject
Global
	GlobalSection(SolutionConfigurationPlatforms) = preSolution
		Debug|Any CPU = Debug|Any CPU
		Release|Any CPU = Release|Any CPU
	EndGlobalSection
	GlobalSection(ProjectConfigurationPlatforms) = postSolution
		{0BCD4FAE-A26C-456D-B39D-13E781BE232A}.Debug|Any CPU.ActiveCfg = Debug|Any CPU
		{0BCD4FAE-A26C-456D-B39D-13E781BE232A}.Debug|Any CPU.Build.0 = Debug|Any CPU
		{0BCD4FAE-A26C-456D-B39D-13E781BE232A}.Release|Any CPU.ActiveCfg = Release|Any CPU
		{0BCD4FAE-A26C-456D-B39D-13E781BE232A}.Release|Any CPU.Build.0 = Release|Any CPU
		{FDDFA309-76DE-43A0-AD4B-2A25CFAF6B4B}.Debug|Any CPU.ActiveCfg = Debug|Any CPU
		{FDDFA309-76DE-43A0-AD4B-2A25CFAF6B4B}.Debug|Any CPU.Build.0 = Debug|Any CPU
		{FDDFA309-76DE-43A0-AD4B-2A25CFAF6B4B}.Release|Any CPU.ActiveCfg = Release|Any CPU
		{FDDFA309-76DE-43A0-AD4B-2A25CFAF6B4B}.Release|Any CPU.Build.0 = Release|Any CPU
		{0700E868-89B5-4315-B5E1-1329C87E4907}.Debug|Any CPU.ActiveCfg = Debug|Any CPU
		{0700E868-89B5-4315-B5E1-1329C87E4907}.Debug|Any CPU.Build.0 = Debug|Any CPU
		{0700E868-89B5-4315-B5E1-1329C87E4907}.Release|Any CPU.ActiveCfg = Release|Any CPU
		{0700E868-89B5-4315-B5E1-1329C87E4907}.Release|Any CPU.Build.0 = Release|Any CPU
		{31CE730E-1EB2-47C5-905D-1885027860A3}.Debug|Any CPU.ActiveCfg = Debug|Any CPU
		{31CE730E-1EB2-47C5-905D-1885027860A3}.Debug|Any CPU.Build.0 = Debug|Any CPU
		{31CE730E-1EB2-47C5-905D-1885027860A3}.Release|Any CPU.ActiveCfg = Release|Any CPU
		{31CE730E-1EB2-47C5-905D-1885027860A3}.Release|Any CPU.Build.0 = Release|Any CPU
		{AFF7EEBC-B1AC-4E0D-982B-9353CB392AA9}.Debug|Any CPU.ActiveCfg = Debug|Any CPU
		{AFF7EEBC-B1AC-4E0D-982B-9353CB392AA9}.Debug|Any CPU.Build.0 = Debug|Any CPU
		{AFF7EEBC-B1AC-4E0D-982B-9353CB392AA9}.Debug|Any CPU.Deploy.0 = Debug|Any CPU
		{AFF7EEBC-B1AC-4E0D-982B-9353CB392AA9}.Release|Any CPU.ActiveCfg = Release|Any CPU
		{AFF7EEBC-B1AC-4E0D-982B-9353CB392AA9}.Release|Any CPU.Build.0 = Release|Any CPU
		{AFF7EEBC-B1AC-4E0D-982B-9353CB392AA9}.Release|Any CPU.Deploy.0 = Release|Any CPU
	EndGlobalSection
	GlobalSection(SolutionProperties) = preSolution
		HideSolutionNode = FALSE
	EndGlobalSection
	GlobalSection(ExtensibilityGlobals) = postSolution
		SolutionGuid = {5197BB5D-9BCF-4A36-A744-CA62F8D55D5E}
	EndGlobalSection
EndGlobal
